
Microsoft Visual Studio Solution File, Format Version 12.00
Project("{FAE04EC0-301F-11D3-BF4B-00C04F79EFBC}") = "Innogotchi.Domain", "Core\Innogotchi.Domain\Innogotchi.Domain.csproj", "{41F0273C-BA55-4A3F-9583-C6FFA5E7F1F4}"
EndProject
Project("{2150E333-8FDC-42A3-9474-1A3956D46DE8}") = "Core", "Core", "{1A134D57-C36D-43C4-8CD6-EDEA8959C5B2}"
EndProject
Project("{FAE04EC0-301F-11D3-BF4B-00C04F79EFBC}") = "Innogotchi.Application", "Core\Innogotchi.Application\Innogotchi.Application.csproj", "{542C28CC-E564-4AD5-8F58-5899F76D936A}"
EndProject
Project("{2150E333-8FDC-42A3-9474-1A3956D46DE8}") = "Infrastructure", "Infrastructure", "{4B32CD48-8A26-464A-92B1-D2DD2393DE42}"
EndProject
Project("{FAE04EC0-301F-11D3-BF4B-00C04F79EFBC}") = "Innogotchi.Persistence", "Infrastructure\Innogotchi.Persistence\Innogotchi.Persistence.csproj", "{EFFC0249-DE1C-4025-922A-EEB54F3C94B3}"
EndProject
Project("{2150E333-8FDC-42A3-9474-1A3956D46DE8}") = "Presentation", "Presentation", "{AEE9EF99-DE56-4339-933F-A5CE20A4E0AA}"
EndProject
Project("{FAE04EC0-301F-11D3-BF4B-00C04F79EFBC}") = "Innogotchi.WebApi", "Presentation\Innogotchi.WebApi\Innogotchi.WebApi.csproj", "{2207BE98-9057-47FD-A297-6D83B990163E}"
EndProject
Global
	GlobalSection(SolutionConfigurationPlatforms) = preSolution
		Debug|Any CPU = Debug|Any CPU
		Release|Any CPU = Release|Any CPU
	EndGlobalSection
	GlobalSection(ProjectConfigurationPlatforms) = postSolution
		{41F0273C-BA55-4A3F-9583-C6FFA5E7F1F4}.Debug|Any CPU.ActiveCfg = Debug|Any CPU
		{41F0273C-BA55-4A3F-9583-C6FFA5E7F1F4}.Debug|Any CPU.Build.0 = Debug|Any CPU
		{41F0273C-BA55-4A3F-9583-C6FFA5E7F1F4}.Release|Any CPU.ActiveCfg = Release|Any CPU
		{41F0273C-BA55-4A3F-9583-C6FFA5E7F1F4}.Release|Any CPU.Build.0 = Release|Any CPU
		{542C28CC-E564-4AD5-8F58-5899F76D936A}.Debug|Any CPU.ActiveCfg = Debug|Any CPU
		{542C28CC-E564-4AD5-8F58-5899F76D936A}.Debug|Any CPU.Build.0 = Debug|Any CPU
		{542C28CC-E564-4AD5-8F58-5899F76D936A}.Release|Any CPU.ActiveCfg = Release|Any CPU
		{542C28CC-E564-4AD5-8F58-5899F76D936A}.Release|Any CPU.Build.0 = Release|Any CPU
		{EFFC0249-DE1C-4025-922A-EEB54F3C94B3}.Debug|Any CPU.ActiveCfg = Debug|Any CPU
		{EFFC0249-DE1C-4025-922A-EEB54F3C94B3}.Debug|Any CPU.Build.0 = Debug|Any CPU
		{EFFC0249-DE1C-4025-922A-EEB54F3C94B3}.Release|Any CPU.ActiveCfg = Release|Any CPU
		{EFFC0249-DE1C-4025-922A-EEB54F3C94B3}.Release|Any CPU.Build.0 = Release|Any CPU
		{2207BE98-9057-47FD-A297-6D83B990163E}.Debug|Any CPU.ActiveCfg = Debug|Any CPU
		{2207BE98-9057-47FD-A297-6D83B990163E}.Debug|Any CPU.Build.0 = Debug|Any CPU
		{2207BE98-9057-47FD-A297-6D83B990163E}.Release|Any CPU.ActiveCfg = Release|Any CPU
		{2207BE98-9057-47FD-A297-6D83B990163E}.Release|Any CPU.Build.0 = Release|Any CPU
	EndGlobalSection
	GlobalSection(NestedProjects) = preSolution
		{41F0273C-BA55-4A3F-9583-C6FFA5E7F1F4} = {1A134D57-C36D-43C4-8CD6-EDEA8959C5B2}
		{542C28CC-E564-4AD5-8F58-5899F76D936A} = {1A134D57-C36D-43C4-8CD6-EDEA8959C5B2}
		{EFFC0249-DE1C-4025-922A-EEB54F3C94B3} = {4B32CD48-8A26-464A-92B1-D2DD2393DE42}
		{2207BE98-9057-47FD-A297-6D83B990163E} = {AEE9EF99-DE56-4339-933F-A5CE20A4E0AA}
	EndGlobalSection
EndGlobal
