
Microsoft Visual Studio Solution File, Format Version 12.00
Project("{FAE04EC0-301F-11D3-BF4B-00C04F79EFBC}") = "Domain", "Core\Domain\Domain\Domain.csproj", "{FA17516D-6645-42A2-B536-D65FDFB10A5E}"
EndProject
Project("{2150E333-8FDC-42A3-9474-1A3956D46DE8}") = "Core", "Core", "{8C7776B7-FEE6-4AC0-A8B9-3AE93927C33C}"
EndProject
Project("{FAE04EC0-301F-11D3-BF4B-00C04F79EFBC}") = "Application", "Core\Application\Application.csproj", "{27B53007-4D5C-41B0-A6A4-72C9147DD4C4}"
EndProject
Project("{2150E333-8FDC-42A3-9474-1A3956D46DE8}") = "External", "External", "{619243DA-E605-4B3E-B685-67285537C1AB}"
EndProject
Project("{FAE04EC0-301F-11D3-BF4B-00C04F79EFBC}") = "Infrastructure", "External\Infrastructure\Infrastructure.csproj", "{1C9553D2-C9FD-4F61-81AF-470664C979C2}"
EndProject
Project("{FAE04EC0-301F-11D3-BF4B-00C04F79EFBC}") = "Presentation", "External\Presentation\Presentation.csproj", "{DE641397-173F-4B78-8D7B-BBFBA4D01F4F}"
EndProject
Project("{2150E333-8FDC-42A3-9474-1A3956D46DE8}") = "Deploy", "Deploy", "{D03FD61B-D7DD-42D8-B253-EE6CE75E9170}"
	ProjectSection(SolutionItems) = preProject
		Deploy\identity-db-service.yaml = Deploy\identity-db-service.yaml
		Deploy\identity-db-deployment.yaml = Deploy\identity-db-deployment.yaml
		Deploy\identity-volume-claim.yaml = Deploy\identity-volume-claim.yaml
	EndProjectSection
EndProject
Project("{2150E333-8FDC-42A3-9474-1A3956D46DE8}") = "Tests", "Tests", "{4C11DF9A-C857-46FC-9DE3-A3E27188B3F0}"
EndProject
Project("{FAE04EC0-301F-11D3-BF4B-00C04F79EFBC}") = "UnitTesting", "Tests\UnitTesting\UnitTesting.csproj", "{3268D44E-991A-435C-8A90-591271273098}"
EndProject
Project("{FAE04EC0-301F-11D3-BF4B-00C04F79EFBC}") = "TestingCommonUtils", "Tests\TestingCommonUtils\TestingCommonUtils.csproj", "{FD03D128-5C78-4661-9030-29FEC795CCEA}"
EndProject
Global
	GlobalSection(SolutionConfigurationPlatforms) = preSolution
		Debug|Any CPU = Debug|Any CPU
		Release|Any CPU = Release|Any CPU
	EndGlobalSection
	GlobalSection(ProjectConfigurationPlatforms) = postSolution
		{FA17516D-6645-42A2-B536-D65FDFB10A5E}.Debug|Any CPU.ActiveCfg = Debug|Any CPU
		{FA17516D-6645-42A2-B536-D65FDFB10A5E}.Debug|Any CPU.Build.0 = Debug|Any CPU
		{FA17516D-6645-42A2-B536-D65FDFB10A5E}.Release|Any CPU.ActiveCfg = Release|Any CPU
		{FA17516D-6645-42A2-B536-D65FDFB10A5E}.Release|Any CPU.Build.0 = Release|Any CPU
		{27B53007-4D5C-41B0-A6A4-72C9147DD4C4}.Debug|Any CPU.ActiveCfg = Debug|Any CPU
		{27B53007-4D5C-41B0-A6A4-72C9147DD4C4}.Debug|Any CPU.Build.0 = Debug|Any CPU
		{27B53007-4D5C-41B0-A6A4-72C9147DD4C4}.Release|Any CPU.ActiveCfg = Release|Any CPU
		{27B53007-4D5C-41B0-A6A4-72C9147DD4C4}.Release|Any CPU.Build.0 = Release|Any CPU
		{1C9553D2-C9FD-4F61-81AF-470664C979C2}.Debug|Any CPU.ActiveCfg = Debug|Any CPU
		{1C9553D2-C9FD-4F61-81AF-470664C979C2}.Debug|Any CPU.Build.0 = Debug|Any CPU
		{1C9553D2-C9FD-4F61-81AF-470664C979C2}.Release|Any CPU.ActiveCfg = Release|Any CPU
		{1C9553D2-C9FD-4F61-81AF-470664C979C2}.Release|Any CPU.Build.0 = Release|Any CPU
		{DE641397-173F-4B78-8D7B-BBFBA4D01F4F}.Debug|Any CPU.ActiveCfg = Debug|Any CPU
		{DE641397-173F-4B78-8D7B-BBFBA4D01F4F}.Debug|Any CPU.Build.0 = Debug|Any CPU
		{DE641397-173F-4B78-8D7B-BBFBA4D01F4F}.Release|Any CPU.ActiveCfg = Release|Any CPU
		{DE641397-173F-4B78-8D7B-BBFBA4D01F4F}.Release|Any CPU.Build.0 = Release|Any CPU
		{3268D44E-991A-435C-8A90-591271273098}.Debug|Any CPU.ActiveCfg = Debug|Any CPU
		{3268D44E-991A-435C-8A90-591271273098}.Debug|Any CPU.Build.0 = Debug|Any CPU
		{3268D44E-991A-435C-8A90-591271273098}.Release|Any CPU.ActiveCfg = Release|Any CPU
		{3268D44E-991A-435C-8A90-591271273098}.Release|Any CPU.Build.0 = Release|Any CPU
		{FD03D128-5C78-4661-9030-29FEC795CCEA}.Debug|Any CPU.ActiveCfg = Debug|Any CPU
		{FD03D128-5C78-4661-9030-29FEC795CCEA}.Debug|Any CPU.Build.0 = Debug|Any CPU
		{FD03D128-5C78-4661-9030-29FEC795CCEA}.Release|Any CPU.ActiveCfg = Release|Any CPU
		{FD03D128-5C78-4661-9030-29FEC795CCEA}.Release|Any CPU.Build.0 = Release|Any CPU
	EndGlobalSection
	GlobalSection(NestedProjects) = preSolution
		{FA17516D-6645-42A2-B536-D65FDFB10A5E} = {8C7776B7-FEE6-4AC0-A8B9-3AE93927C33C}
		{27B53007-4D5C-41B0-A6A4-72C9147DD4C4} = {8C7776B7-FEE6-4AC0-A8B9-3AE93927C33C}
		{1C9553D2-C9FD-4F61-81AF-470664C979C2} = {619243DA-E605-4B3E-B685-67285537C1AB}
		{DE641397-173F-4B78-8D7B-BBFBA4D01F4F} = {619243DA-E605-4B3E-B685-67285537C1AB}
		{3268D44E-991A-435C-8A90-591271273098} = {4C11DF9A-C857-46FC-9DE3-A3E27188B3F0}
		{FD03D128-5C78-4661-9030-29FEC795CCEA} = {4C11DF9A-C857-46FC-9DE3-A3E27188B3F0}
	EndGlobalSection
EndGlobal
